// !$*UTF8*$!
{
	archiveVersion = 1;
	classes = {
	};
	objectVersion = 77;
	objects = {

/* Begin PBXBuildFile section */
		240069C82CF86C6E00C2E79D /* RestaurantAPI.swift in Sources */ = {isa = PBXBuildFile; fileRef = 240069C72CF86C6E00C2E79D /* RestaurantAPI.swift */; };
		240069CD2CF86CEA00C2E79D /* RestaurantListView.swift in Sources */ = {isa = PBXBuildFile; fileRef = 240069CC2CF86CEA00C2E79D /* RestaurantListView.swift */; };
		240069CF2CF877AA00C2E79D /* RestaurantEntity.swift in Sources */ = {isa = PBXBuildFile; fileRef = 240069CE2CF877AA00C2E79D /* RestaurantEntity.swift */; };
		240069D12CF8824700C2E79D /* RestaurantDetailView.swift in Sources */ = {isa = PBXBuildFile; fileRef = 240069D02CF8824700C2E79D /* RestaurantDetailView.swift */; };
		240069D42CF8929C00C2E79D /* SettingsView.swift in Sources */ = {isa = PBXBuildFile; fileRef = 240069D32CF8929C00C2E79D /* SettingsView.swift */; };
		240069D62CF892B100C2E79D /* User.swift in Sources */ = {isa = PBXBuildFile; fileRef = 240069D52CF892B100C2E79D /* User.swift */; };
		240069D82CF965D600C2E79D /* EditProfileView.swift in Sources */ = {isa = PBXBuildFile; fileRef = 240069D72CF965D600C2E79D /* EditProfileView.swift */; };
		2477D7282CD1E46600DAF938 /* ContentView.swift in Sources */ = {isa = PBXBuildFile; fileRef = 2477D7252CD1E46600DAF938 /* ContentView.swift */; };
		2477D7292CD1E46600DAF938 /* FoodHiveApp.swift in Sources */ = {isa = PBXBuildFile; fileRef = 2477D7262CD1E46600DAF938 /* FoodHiveApp.swift */; };
		2477D72A2CD1E46600DAF938 /* Preview Assets.xcassets in Resources */ = {isa = PBXBuildFile; fileRef = 2477D7222CD1E46600DAF938 /* Preview Assets.xcassets */; };
		2477D72B2CD1E46600DAF938 /* Assets.xcassets in Resources */ = {isa = PBXBuildFile; fileRef = 2477D7242CD1E46600DAF938 /* Assets.xcassets */; };
		2477D7372CD1E59F00DAF938 /* LoginView.swift in Sources */ = {isa = PBXBuildFile; fileRef = 2477D7362CD1E59800DAF938 /* LoginView.swift */; };
		2477D73C2CD1E7ED00DAF938 /* CustomTextField.swift in Sources */ = {isa = PBXBuildFile; fileRef = 2477D73B2CD1E7E600DAF938 /* CustomTextField.swift */; };
		2477D73F2CD1EC0800DAF938 /* ProfileView.swift in Sources */ = {isa = PBXBuildFile; fileRef = 2477D73E2CD1EC0200DAF938 /* ProfileView.swift */; };
		249F8F682CF86BE0007F4AD4 /* RestaurantSearchViewModel.swift in Sources */ = {isa = PBXBuildFile; fileRef = 249F8F672CF86BE0007F4AD4 /* RestaurantSearchViewModel.swift */; };
/* End PBXBuildFile section */

/* Begin PBXContainerItemProxy section */
		2477D7062CD1E41A00DAF938 /* PBXContainerItemProxy */ = {
			isa = PBXContainerItemProxy;
			containerPortal = 2477D6ED2CD1E41700DAF938 /* Project object */;
			proxyType = 1;
			remoteGlobalIDString = 2477D6F42CD1E41700DAF938;
			remoteInfo = FoodHive;
		};
		2477D7102CD1E41A00DAF938 /* PBXContainerItemProxy */ = {
			isa = PBXContainerItemProxy;
			containerPortal = 2477D6ED2CD1E41700DAF938 /* Project object */;
			proxyType = 1;
			remoteGlobalIDString = 2477D6F42CD1E41700DAF938;
			remoteInfo = FoodHive;
		};
/* End PBXContainerItemProxy section */

/* Begin PBXFileReference section */
		240069C72CF86C6E00C2E79D /* RestaurantAPI.swift */ = {isa = PBXFileReference; lastKnownFileType = sourcecode.swift; path = RestaurantAPI.swift; sourceTree = "<group>"; };
		240069CC2CF86CEA00C2E79D /* RestaurantListView.swift */ = {isa = PBXFileReference; lastKnownFileType = sourcecode.swift; path = RestaurantListView.swift; sourceTree = "<group>"; };
		240069CE2CF877AA00C2E79D /* RestaurantEntity.swift */ = {isa = PBXFileReference; lastKnownFileType = sourcecode.swift; path = RestaurantEntity.swift; sourceTree = "<group>"; };
		240069D02CF8824700C2E79D /* RestaurantDetailView.swift */ = {isa = PBXFileReference; lastKnownFileType = sourcecode.swift; path = RestaurantDetailView.swift; sourceTree = "<group>"; };
		240069D22CF8885E00C2E79D /* Info.plist */ = {isa = PBXFileReference; lastKnownFileType = text.plist; path = Info.plist; sourceTree = "<group>"; };
		240069D32CF8929C00C2E79D /* SettingsView.swift */ = {isa = PBXFileReference; lastKnownFileType = sourcecode.swift; path = SettingsView.swift; sourceTree = "<group>"; };
		240069D52CF892B100C2E79D /* User.swift */ = {isa = PBXFileReference; lastKnownFileType = sourcecode.swift; path = User.swift; sourceTree = "<group>"; };
		240069D72CF965D600C2E79D /* EditProfileView.swift */ = {isa = PBXFileReference; lastKnownFileType = sourcecode.swift; path = EditProfileView.swift; sourceTree = "<group>"; };
		2477D6F52CD1E41700DAF938 /* FoodHive.app */ = {isa = PBXFileReference; explicitFileType = wrapper.application; includeInIndex = 0; path = FoodHive.app; sourceTree = BUILT_PRODUCTS_DIR; };
		2477D7052CD1E41A00DAF938 /* FoodHiveTests.xctest */ = {isa = PBXFileReference; explicitFileType = wrapper.cfbundle; includeInIndex = 0; path = FoodHiveTests.xctest; sourceTree = BUILT_PRODUCTS_DIR; };
		2477D70F2CD1E41A00DAF938 /* FoodHiveUITests.xctest */ = {isa = PBXFileReference; explicitFileType = wrapper.cfbundle; includeInIndex = 0; path = FoodHiveUITests.xctest; sourceTree = BUILT_PRODUCTS_DIR; };
		2477D7222CD1E46600DAF938 /* Preview Assets.xcassets */ = {isa = PBXFileReference; lastKnownFileType = folder.assetcatalog; path = "Preview Assets.xcassets"; sourceTree = "<group>"; };
		2477D7242CD1E46600DAF938 /* Assets.xcassets */ = {isa = PBXFileReference; lastKnownFileType = folder.assetcatalog; path = Assets.xcassets; sourceTree = "<group>"; };
		2477D7252CD1E46600DAF938 /* ContentView.swift */ = {isa = PBXFileReference; lastKnownFileType = sourcecode.swift; path = ContentView.swift; sourceTree = "<group>"; };
		2477D7262CD1E46600DAF938 /* FoodHiveApp.swift */ = {isa = PBXFileReference; lastKnownFileType = sourcecode.swift; path = FoodHiveApp.swift; sourceTree = "<group>"; };
		2477D7362CD1E59800DAF938 /* LoginView.swift */ = {isa = PBXFileReference; lastKnownFileType = sourcecode.swift; path = LoginView.swift; sourceTree = "<group>"; };
		2477D73B2CD1E7E600DAF938 /* CustomTextField.swift */ = {isa = PBXFileReference; lastKnownFileType = sourcecode.swift; path = CustomTextField.swift; sourceTree = "<group>"; };
		2477D73E2CD1EC0200DAF938 /* ProfileView.swift */ = {isa = PBXFileReference; lastKnownFileType = sourcecode.swift; path = ProfileView.swift; sourceTree = "<group>"; };
		249F8F672CF86BE0007F4AD4 /* RestaurantSearchViewModel.swift */ = {isa = PBXFileReference; lastKnownFileType = sourcecode.swift; path = RestaurantSearchViewModel.swift; sourceTree = "<group>"; };
/* End PBXFileReference section */

/* Begin PBXFileSystemSynchronizedRootGroup section */
		2477D7082CD1E41A00DAF938 /* FoodHiveTests */ = {
			isa = PBXFileSystemSynchronizedRootGroup;
			path = FoodHiveTests;
			sourceTree = "<group>";
		};
		2477D7122CD1E41A00DAF938 /* FoodHiveUITests */ = {
			isa = PBXFileSystemSynchronizedRootGroup;
			path = FoodHiveUITests;
			sourceTree = "<group>";
		};
/* End PBXFileSystemSynchronizedRootGroup section */

/* Begin PBXFrameworksBuildPhase section */
		2477D6F22CD1E41700DAF938 /* Frameworks */ = {
			isa = PBXFrameworksBuildPhase;
			buildActionMask = 2147483647;
			files = (
			);
			runOnlyForDeploymentPostprocessing = 0;
		};
		2477D7022CD1E41A00DAF938 /* Frameworks */ = {
			isa = PBXFrameworksBuildPhase;
			buildActionMask = 2147483647;
			files = (
			);
			runOnlyForDeploymentPostprocessing = 0;
		};
		2477D70C2CD1E41A00DAF938 /* Frameworks */ = {
			isa = PBXFrameworksBuildPhase;
			buildActionMask = 2147483647;
			files = (
			);
			runOnlyForDeploymentPostprocessing = 0;
		};
/* End PBXFrameworksBuildPhase section */

/* Begin PBXGroup section */
		240069CB2CF86CC700C2E79D /* Search */ = {
			isa = PBXGroup;
			children = (
				240069CC2CF86CEA00C2E79D /* RestaurantListView.swift */,
				240069D02CF8824700C2E79D /* RestaurantDetailView.swift */,
			);
			path = Search;
			sourceTree = "<group>";
		};
		2477D6EC2CD1E41700DAF938 = {
			isa = PBXGroup;
			children = (
				2477D7272CD1E46600DAF938 /* FoodHive */,
				2477D7082CD1E41A00DAF938 /* FoodHiveTests */,
				2477D7122CD1E41A00DAF938 /* FoodHiveUITests */,
				2477D6F62CD1E41700DAF938 /* Products */,
			);
			sourceTree = "<group>";
		};
		2477D6F62CD1E41700DAF938 /* Products */ = {
			isa = PBXGroup;
			children = (
				2477D6F52CD1E41700DAF938 /* FoodHive.app */,
				2477D7052CD1E41A00DAF938 /* FoodHiveTests.xctest */,
				2477D70F2CD1E41A00DAF938 /* FoodHiveUITests.xctest */,
			);
			name = Products;
			sourceTree = "<group>";
		};
		2477D7232CD1E46600DAF938 /* Preview Content */ = {
			isa = PBXGroup;
			children = (
				2477D7222CD1E46600DAF938 /* Preview Assets.xcassets */,
			);
			path = "Preview Content";
			sourceTree = "<group>";
		};
		2477D7272CD1E46600DAF938 /* FoodHive */ = {
			isa = PBXGroup;
			children = (
				240069D22CF8885E00C2E79D /* Info.plist */,
				2477D7322CD1E4AB00DAF938 /* App */,
				2477D7312CD1E4A800DAF938 /* Components */,
				2477D7302CD1E4A400DAF938 /* Core */,
				2477D72C2CD1E47500DAF938 /* Model */,
				2477D7232CD1E46600DAF938 /* Preview Content */,
				2477D7242CD1E46600DAF938 /* Assets.xcassets */,
			);
			path = FoodHive;
			sourceTree = "<group>";
		};
		2477D72C2CD1E47500DAF938 /* Model */ = {
			isa = PBXGroup;
			children = (
				2477D7382CD1E76700DAF938 /* ViewModel */,
				240069C72CF86C6E00C2E79D /* RestaurantAPI.swift */,
				240069CE2CF877AA00C2E79D /* RestaurantEntity.swift */,
				240069D52CF892B100C2E79D /* User.swift */,
			);
			path = Model;
			sourceTree = "<group>";
		};
		2477D7302CD1E4A400DAF938 /* Core */ = {
			isa = PBXGroup;
			children = (
				240069CB2CF86CC700C2E79D /* Search */,
				2477D7342CD1E50D00DAF938 /* Authentication */,
				2477D7352CD1E52600DAF938 /* Profile */,
				2477D7332CD1E4E800DAF938 /* Root */,
				240069D32CF8929C00C2E79D /* SettingsView.swift */,
			);
			path = Core;
			sourceTree = "<group>";
		};
		2477D7312CD1E4A800DAF938 /* Components */ = {
			isa = PBXGroup;
			children = (
				2477D73B2CD1E7E600DAF938 /* CustomTextField.swift */,
			);
			path = Components;
			sourceTree = "<group>";
		};
		2477D7322CD1E4AB00DAF938 /* App */ = {
			isa = PBXGroup;
			children = (
				2477D7262CD1E46600DAF938 /* FoodHiveApp.swift */,
			);
			path = App;
			sourceTree = "<group>";
		};
		2477D7332CD1E4E800DAF938 /* Root */ = {
			isa = PBXGroup;
			children = (
				2477D7252CD1E46600DAF938 /* ContentView.swift */,
			);
			path = Root;
			sourceTree = "<group>";
		};
		2477D7342CD1E50D00DAF938 /* Authentication */ = {
			isa = PBXGroup;
			children = (
				2477D7362CD1E59800DAF938 /* LoginView.swift */,
			);
			path = Authentication;
			sourceTree = "<group>";
		};
		2477D7352CD1E52600DAF938 /* Profile */ = {
			isa = PBXGroup;
			children = (
				2477D73E2CD1EC0200DAF938 /* ProfileView.swift */,
				240069D72CF965D600C2E79D /* EditProfileView.swift */,
			);
			path = Profile;
			sourceTree = "<group>";
		};
		2477D7382CD1E76700DAF938 /* ViewModel */ = {
			isa = PBXGroup;
			children = (
				249F8F672CF86BE0007F4AD4 /* RestaurantSearchViewModel.swift */,
			);
			path = ViewModel;
			sourceTree = "<group>";
		};
/* End PBXGroup section */

/* Begin PBXNativeTarget section */
		2477D6F42CD1E41700DAF938 /* FoodHive */ = {
			isa = PBXNativeTarget;
			buildConfigurationList = 2477D7192CD1E41A00DAF938 /* Build configuration list for PBXNativeTarget "FoodHive" */;
			buildPhases = (
				2477D6F12CD1E41700DAF938 /* Sources */,
				2477D6F22CD1E41700DAF938 /* Frameworks */,
				2477D6F32CD1E41700DAF938 /* Resources */,
			);
			buildRules = (
			);
			dependencies = (
			);
			name = FoodHive;
			packageProductDependencies = (
			);
			productName = FoodHive;
			productReference = 2477D6F52CD1E41700DAF938 /* FoodHive.app */;
			productType = "com.apple.product-type.application";
		};
		2477D7042CD1E41A00DAF938 /* FoodHiveTests */ = {
			isa = PBXNativeTarget;
			buildConfigurationList = 2477D71C2CD1E41A00DAF938 /* Build configuration list for PBXNativeTarget "FoodHiveTests" */;
			buildPhases = (
				2477D7012CD1E41A00DAF938 /* Sources */,
				2477D7022CD1E41A00DAF938 /* Frameworks */,
				2477D7032CD1E41A00DAF938 /* Resources */,
			);
			buildRules = (
			);
			dependencies = (
				2477D7072CD1E41A00DAF938 /* PBXTargetDependency */,
			);
			fileSystemSynchronizedGroups = (
				2477D7082CD1E41A00DAF938 /* FoodHiveTests */,
			);
			name = FoodHiveTests;
			packageProductDependencies = (
			);
			productName = FoodHiveTests;
			productReference = 2477D7052CD1E41A00DAF938 /* FoodHiveTests.xctest */;
			productType = "com.apple.product-type.bundle.unit-test";
		};
		2477D70E2CD1E41A00DAF938 /* FoodHiveUITests */ = {
			isa = PBXNativeTarget;
			buildConfigurationList = 2477D71F2CD1E41A00DAF938 /* Build configuration list for PBXNativeTarget "FoodHiveUITests" */;
			buildPhases = (
				2477D70B2CD1E41A00DAF938 /* Sources */,
				2477D70C2CD1E41A00DAF938 /* Frameworks */,
				2477D70D2CD1E41A00DAF938 /* Resources */,
			);
			buildRules = (
			);
			dependencies = (
				2477D7112CD1E41A00DAF938 /* PBXTargetDependency */,
			);
			fileSystemSynchronizedGroups = (
				2477D7122CD1E41A00DAF938 /* FoodHiveUITests */,
			);
			name = FoodHiveUITests;
			packageProductDependencies = (
			);
			productName = FoodHiveUITests;
			productReference = 2477D70F2CD1E41A00DAF938 /* FoodHiveUITests.xctest */;
			productType = "com.apple.product-type.bundle.ui-testing";
		};
/* End PBXNativeTarget section */

/* Begin PBXProject section */
		2477D6ED2CD1E41700DAF938 /* Project object */ = {
			isa = PBXProject;
			attributes = {
				BuildIndependentTargetsInParallel = 1;
				LastSwiftUpdateCheck = 1600;
				LastUpgradeCheck = 1600;
				TargetAttributes = {
					2477D6F42CD1E41700DAF938 = {
						CreatedOnToolsVersion = 16.0;
					};
					2477D7042CD1E41A00DAF938 = {
						CreatedOnToolsVersion = 16.0;
						TestTargetID = 2477D6F42CD1E41700DAF938;
					};
					2477D70E2CD1E41A00DAF938 = {
						CreatedOnToolsVersion = 16.0;
						TestTargetID = 2477D6F42CD1E41700DAF938;
					};
				};
			};
			buildConfigurationList = 2477D6F02CD1E41700DAF938 /* Build configuration list for PBXProject "FoodHive" */;
			developmentRegion = en;
			hasScannedForEncodings = 0;
			knownRegions = (
				en,
				Base,
			);
			mainGroup = 2477D6EC2CD1E41700DAF938;
			minimizedProjectReferenceProxies = 1;
			preferredProjectObjectVersion = 77;
			productRefGroup = 2477D6F62CD1E41700DAF938 /* Products */;
			projectDirPath = "";
			projectRoot = "";
			targets = (
				2477D6F42CD1E41700DAF938 /* FoodHive */,
				2477D7042CD1E41A00DAF938 /* FoodHiveTests */,
				2477D70E2CD1E41A00DAF938 /* FoodHiveUITests */,
			);
		};
/* End PBXProject section */

/* Begin PBXResourcesBuildPhase section */
		2477D6F32CD1E41700DAF938 /* Resources */ = {
			isa = PBXResourcesBuildPhase;
			buildActionMask = 2147483647;
			files = (
				2477D72A2CD1E46600DAF938 /* Preview Assets.xcassets in Resources */,
				2477D72B2CD1E46600DAF938 /* Assets.xcassets in Resources */,
			);
			runOnlyForDeploymentPostprocessing = 0;
		};
		2477D7032CD1E41A00DAF938 /* Resources */ = {
			isa = PBXResourcesBuildPhase;
			buildActionMask = 2147483647;
			files = (
			);
			runOnlyForDeploymentPostprocessing = 0;
		};
		2477D70D2CD1E41A00DAF938 /* Resources */ = {
			isa = PBXResourcesBuildPhase;
			buildActionMask = 2147483647;
			files = (
			);
			runOnlyForDeploymentPostprocessing = 0;
		};
/* End PBXResourcesBuildPhase section */

/* Begin PBXSourcesBuildPhase section */
		2477D6F12CD1E41700DAF938 /* Sources */ = {
			isa = PBXSourcesBuildPhase;
			buildActionMask = 2147483647;
			files = (
				240069D62CF892B100C2E79D /* User.swift in Sources */,
				240069C82CF86C6E00C2E79D /* RestaurantAPI.swift in Sources */,
				2477D7372CD1E59F00DAF938 /* LoginView.swift in Sources */,
				2477D7282CD1E46600DAF938 /* ContentView.swift in Sources */,
				2477D7292CD1E46600DAF938 /* FoodHiveApp.swift in Sources */,
				249F8F682CF86BE0007F4AD4 /* RestaurantSearchViewModel.swift in Sources */,
				240069CD2CF86CEA00C2E79D /* RestaurantListView.swift in Sources */,
				2477D73F2CD1EC0800DAF938 /* ProfileView.swift in Sources */,
				2477D73C2CD1E7ED00DAF938 /* CustomTextField.swift in Sources */,
				240069D42CF8929C00C2E79D /* SettingsView.swift in Sources */,
				240069D12CF8824700C2E79D /* RestaurantDetailView.swift in Sources */,
				240069D82CF965D600C2E79D /* EditProfileView.swift in Sources */,
				240069CF2CF877AA00C2E79D /* RestaurantEntity.swift in Sources */,
			);
			runOnlyForDeploymentPostprocessing = 0;
		};
		2477D7012CD1E41A00DAF938 /* Sources */ = {
			isa = PBXSourcesBuildPhase;
			buildActionMask = 2147483647;
			files = (
			);
			runOnlyForDeploymentPostprocessing = 0;
		};
		2477D70B2CD1E41A00DAF938 /* Sources */ = {
			isa = PBXSourcesBuildPhase;
			buildActionMask = 2147483647;
			files = (
			);
			runOnlyForDeploymentPostprocessing = 0;
		};
/* End PBXSourcesBuildPhase section */

/* Begin PBXTargetDependency section */
		2477D7072CD1E41A00DAF938 /* PBXTargetDependency */ = {
			isa = PBXTargetDependency;
			target = 2477D6F42CD1E41700DAF938 /* FoodHive */;
			targetProxy = 2477D7062CD1E41A00DAF938 /* PBXContainerItemProxy */;
		};
		2477D7112CD1E41A00DAF938 /* PBXTargetDependency */ = {
			isa = PBXTargetDependency;
			target = 2477D6F42CD1E41700DAF938 /* FoodHive */;
			targetProxy = 2477D7102CD1E41A00DAF938 /* PBXContainerItemProxy */;
		};
/* End PBXTargetDependency section */

/* Begin XCBuildConfiguration section */
		2477D7172CD1E41A00DAF938 /* Debug */ = {
			isa = XCBuildConfiguration;
			buildSettings = {
				ALWAYS_SEARCH_USER_PATHS = NO;
				ASSETCATALOG_COMPILER_GENERATE_SWIFT_ASSET_SYMBOL_EXTENSIONS = YES;
				CLANG_ANALYZER_NONNULL = YES;
				CLANG_ANALYZER_NUMBER_OBJECT_CONVERSION = YES_AGGRESSIVE;
				CLANG_CXX_LANGUAGE_STANDARD = "gnu++20";
				CLANG_ENABLE_MODULES = YES;
				CLANG_ENABLE_OBJC_ARC = YES;
				CLANG_ENABLE_OBJC_WEAK = YES;
				CLANG_WARN_BLOCK_CAPTURE_AUTORELEASING = YES;
				CLANG_WARN_BOOL_CONVERSION = YES;
				CLANG_WARN_COMMA = YES;
				CLANG_WARN_CONSTANT_CONVERSION = YES;
				CLANG_WARN_DEPRECATED_OBJC_IMPLEMENTATIONS = YES;
				CLANG_WARN_DIRECT_OBJC_ISA_USAGE = YES_ERROR;
				CLANG_WARN_DOCUMENTATION_COMMENTS = YES;
				CLANG_WARN_EMPTY_BODY = YES;
				CLANG_WARN_ENUM_CONVERSION = YES;
				CLANG_WARN_INFINITE_RECURSION = YES;
				CLANG_WARN_INT_CONVERSION = YES;
				CLANG_WARN_NON_LITERAL_NULL_CONVERSION = YES;
				CLANG_WARN_OBJC_IMPLICIT_RETAIN_SELF = YES;
				CLANG_WARN_OBJC_LITERAL_CONVERSION = YES;
				CLANG_WARN_OBJC_ROOT_CLASS = YES_ERROR;
				CLANG_WARN_QUOTED_INCLUDE_IN_FRAMEWORK_HEADER = YES;
				CLANG_WARN_RANGE_LOOP_ANALYSIS = YES;
				CLANG_WARN_STRICT_PROTOTYPES = YES;
				CLANG_WARN_SUSPICIOUS_MOVE = YES;
				CLANG_WARN_UNGUARDED_AVAILABILITY = YES_AGGRESSIVE;
				CLANG_WARN_UNREACHABLE_CODE = YES;
				CLANG_WARN__DUPLICATE_METHOD_MATCH = YES;
				COPY_PHASE_STRIP = NO;
				DEBUG_INFORMATION_FORMAT = dwarf;
				ENABLE_STRICT_OBJC_MSGSEND = YES;
				ENABLE_TESTABILITY = YES;
				ENABLE_USER_SCRIPT_SANDBOXING = YES;
				GCC_C_LANGUAGE_STANDARD = gnu17;
				GCC_DYNAMIC_NO_PIC = NO;
				GCC_NO_COMMON_BLOCKS = YES;
				GCC_OPTIMIZATION_LEVEL = 0;
				GCC_PREPROCESSOR_DEFINITIONS = (
					"DEBUG=1",
					"$(inherited)",
				);
				GCC_WARN_64_TO_32_BIT_CONVERSION = YES;
				GCC_WARN_ABOUT_RETURN_TYPE = YES_ERROR;
				GCC_WARN_UNDECLARED_SELECTOR = YES;
				GCC_WARN_UNINITIALIZED_AUTOS = YES_AGGRESSIVE;
				GCC_WARN_UNUSED_FUNCTION = YES;
				GCC_WARN_UNUSED_VARIABLE = YES;
				IPHONEOS_DEPLOYMENT_TARGET = 18.0;
				LOCALIZATION_PREFERS_STRING_CATALOGS = YES;
				MTL_ENABLE_DEBUG_INFO = INCLUDE_SOURCE;
				MTL_FAST_MATH = YES;
				ONLY_ACTIVE_ARCH = YES;
				SDKROOT = iphoneos;
				SWIFT_ACTIVE_COMPILATION_CONDITIONS = "DEBUG $(inherited)";
				SWIFT_OPTIMIZATION_LEVEL = "-Onone";
			};
			name = Debug;
		};
		2477D7182CD1E41A00DAF938 /* Release */ = {
			isa = XCBuildConfiguration;
			buildSettings = {
				ALWAYS_SEARCH_USER_PATHS = NO;
				ASSETCATALOG_COMPILER_GENERATE_SWIFT_ASSET_SYMBOL_EXTENSIONS = YES;
				CLANG_ANALYZER_NONNULL = YES;
				CLANG_ANALYZER_NUMBER_OBJECT_CONVERSION = YES_AGGRESSIVE;
				CLANG_CXX_LANGUAGE_STANDARD = "gnu++20";
				CLANG_ENABLE_MODULES = YES;
				CLANG_ENABLE_OBJC_ARC = YES;
				CLANG_ENABLE_OBJC_WEAK = YES;
				CLANG_WARN_BLOCK_CAPTURE_AUTORELEASING = YES;
				CLANG_WARN_BOOL_CONVERSION = YES;
				CLANG_WARN_COMMA = YES;
				CLANG_WARN_CONSTANT_CONVERSION = YES;
				CLANG_WARN_DEPRECATED_OBJC_IMPLEMENTATIONS = YES;
				CLANG_WARN_DIRECT_OBJC_ISA_USAGE = YES_ERROR;
				CLANG_WARN_DOCUMENTATION_COMMENTS = YES;
				CLANG_WARN_EMPTY_BODY = YES;
				CLANG_WARN_ENUM_CONVERSION = YES;
				CLANG_WARN_INFINITE_RECURSION = YES;
				CLANG_WARN_INT_CONVERSION = YES;
				CLANG_WARN_NON_LITERAL_NULL_CONVERSION = YES;
				CLANG_WARN_OBJC_IMPLICIT_RETAIN_SELF = YES;
				CLANG_WARN_OBJC_LITERAL_CONVERSION = YES;
				CLANG_WARN_OBJC_ROOT_CLASS = YES_ERROR;
				CLANG_WARN_QUOTED_INCLUDE_IN_FRAMEWORK_HEADER = YES;
				CLANG_WARN_RANGE_LOOP_ANALYSIS = YES;
				CLANG_WARN_STRICT_PROTOTYPES = YES;
				CLANG_WARN_SUSPICIOUS_MOVE = YES;
				CLANG_WARN_UNGUARDED_AVAILABILITY = YES_AGGRESSIVE;
				CLANG_WARN_UNREACHABLE_CODE = YES;
				CLANG_WARN__DUPLICATE_METHOD_MATCH = YES;
				COPY_PHASE_STRIP = NO;
				DEBUG_INFORMATION_FORMAT = "dwarf-with-dsym";
				ENABLE_NS_ASSERTIONS = NO;
				ENABLE_STRICT_OBJC_MSGSEND = YES;
				ENABLE_USER_SCRIPT_SANDBOXING = YES;
				GCC_C_LANGUAGE_STANDARD = gnu17;
				GCC_NO_COMMON_BLOCKS = YES;
				GCC_WARN_64_TO_32_BIT_CONVERSION = YES;
				GCC_WARN_ABOUT_RETURN_TYPE = YES_ERROR;
				GCC_WARN_UNDECLARED_SELECTOR = YES;
				GCC_WARN_UNINITIALIZED_AUTOS = YES_AGGRESSIVE;
				GCC_WARN_UNUSED_FUNCTION = YES;
				GCC_WARN_UNUSED_VARIABLE = YES;
				IPHONEOS_DEPLOYMENT_TARGET = 18.0;
				LOCALIZATION_PREFERS_STRING_CATALOGS = YES;
				MTL_ENABLE_DEBUG_INFO = NO;
				MTL_FAST_MATH = YES;
				SDKROOT = iphoneos;
				SWIFT_COMPILATION_MODE = wholemodule;
				VALIDATE_PRODUCT = YES;
			};
			name = Release;
		};
		2477D71A2CD1E41A00DAF938 /* Debug */ = {
			isa = XCBuildConfiguration;
			buildSettings = {
				ASSETCATALOG_COMPILER_APPICON_NAME = AppIcon;
				ASSETCATALOG_COMPILER_GLOBAL_ACCENT_COLOR_NAME = AccentColor;
				CODE_SIGN_STYLE = Automatic;
				CURRENT_PROJECT_VERSION = 1;
				DEVELOPMENT_ASSET_PATHS = "\"FoodHive/Preview Content\"";
				ENABLE_PREVIEWS = YES;
				GENERATE_INFOPLIST_FILE = YES;
				INFOPLIST_FILE = FoodHive/Info.plist;
				INFOPLIST_KEY_UIApplicationSceneManifest_Generation = YES;
				INFOPLIST_KEY_UIApplicationSupportsIndirectInputEvents = YES;
				INFOPLIST_KEY_UILaunchScreen_Generation = YES;
				INFOPLIST_KEY_UISupportedInterfaceOrientations_iPad = "UIInterfaceOrientationPortrait UIInterfaceOrientationPortraitUpsideDown UIInterfaceOrientationLandscapeLeft UIInterfaceOrientationLandscapeRight";
				INFOPLIST_KEY_UISupportedInterfaceOrientations_iPhone = "UIInterfaceOrientationPortrait UIInterfaceOrientationLandscapeLeft UIInterfaceOrientationLandscapeRight";
				LD_RUNPATH_SEARCH_PATHS = (
					"$(inherited)",
					"@executable_path/Frameworks",
				);
				MARKETING_VERSION = 1.0;
				PRODUCT_BUNDLE_IDENTIFIER = asu.FoodHive;
				PRODUCT_NAME = "$(TARGET_NAME)";
				SWIFT_EMIT_LOC_STRINGS = YES;
				SWIFT_VERSION = 5.0;
				TARGETED_DEVICE_FAMILY = "1,2";
			};
			name = Debug;
		};
		2477D71B2CD1E41A00DAF938 /* Release */ = {
			isa = XCBuildConfiguration;
			buildSettings = {
				ASSETCATALOG_COMPILER_APPICON_NAME = AppIcon;
				ASSETCATALOG_COMPILER_GLOBAL_ACCENT_COLOR_NAME = AccentColor;
				CODE_SIGN_STYLE = Automatic;
				CURRENT_PROJECT_VERSION = 1;
				DEVELOPMENT_ASSET_PATHS = "\"FoodHive/Preview Content\"";
				ENABLE_PREVIEWS = YES;
				GENERATE_INFOPLIST_FILE = YES;
				INFOPLIST_FILE = FoodHive/Info.plist;
				INFOPLIST_KEY_UIApplicationSceneManifest_Generation = YES;
				INFOPLIST_KEY_UIApplicationSupportsIndirectInputEvents = YES;
				INFOPLIST_KEY_UILaunchScreen_Generation = YES;
				INFOPLIST_KEY_UISupportedInterfaceOrientations_iPad = "UIInterfaceOrientationPortrait UIInterfaceOrientationPortraitUpsideDown UIInterfaceOrientationLandscapeLeft UIInterfaceOrientationLandscapeRight";
				INFOPLIST_KEY_UISupportedInterfaceOrientations_iPhone = "UIInterfaceOrientationPortrait UIInterfaceOrientationLandscapeLeft UIInterfaceOrientationLandscapeRight";
				LD_RUNPATH_SEARCH_PATHS = (
					"$(inherited)",
					"@executable_path/Frameworks",
				);
				MARKETING_VERSION = 1.0;
				PRODUCT_BUNDLE_IDENTIFIER = asu.FoodHive;
				PRODUCT_NAME = "$(TARGET_NAME)";
				SWIFT_EMIT_LOC_STRINGS = YES;
				SWIFT_VERSION = 5.0;
				TARGETED_DEVICE_FAMILY = "1,2";
			};
			name = Release;
		};
		2477D71D2CD1E41A00DAF938 /* Debug */ = {
			isa = XCBuildConfiguration;
			buildSettings = {
				BUNDLE_LOADER = "$(TEST_HOST)";
				CODE_SIGN_STYLE = Automatic;
				CURRENT_PROJECT_VERSION = 1;
				GENERATE_INFOPLIST_FILE = YES;
				IPHONEOS_DEPLOYMENT_TARGET = 18.0;
				MARKETING_VERSION = 1.0;
				PRODUCT_BUNDLE_IDENTIFIER = asu.FoodHiveTests;
				PRODUCT_NAME = "$(TARGET_NAME)";
				SWIFT_EMIT_LOC_STRINGS = NO;
				SWIFT_VERSION = 5.0;
				TARGETED_DEVICE_FAMILY = "1,2";
				TEST_HOST = "$(BUILT_PRODUCTS_DIR)/FoodHive.app/$(BUNDLE_EXECUTABLE_FOLDER_PATH)/FoodHive";
			};
			name = Debug;
		};
		2477D71E2CD1E41A00DAF938 /* Release */ = {
			isa = XCBuildConfiguration;
			buildSettings = {
				BUNDLE_LOADER = "$(TEST_HOST)";
				CODE_SIGN_STYLE = Automatic;
				CURRENT_PROJECT_VERSION = 1;
				GENERATE_INFOPLIST_FILE = YES;
				IPHONEOS_DEPLOYMENT_TARGET = 18.0;
				MARKETING_VERSION = 1.0;
				PRODUCT_BUNDLE_IDENTIFIER = asu.FoodHiveTests;
				PRODUCT_NAME = "$(TARGET_NAME)";
				SWIFT_EMIT_LOC_STRINGS = NO;
				SWIFT_VERSION = 5.0;
				TARGETED_DEVICE_FAMILY = "1,2";
				TEST_HOST = "$(BUILT_PRODUCTS_DIR)/FoodHive.app/$(BUNDLE_EXECUTABLE_FOLDER_PATH)/FoodHive";
			};
			name = Release;
		};
		2477D7202CD1E41A00DAF938 /* Debug */ = {
			isa = XCBuildConfiguration;
			buildSettings = {
				CODE_SIGN_STYLE = Automatic;
				CURRENT_PROJECT_VERSION = 1;
				GENERATE_INFOPLIST_FILE = YES;
				MARKETING_VERSION = 1.0;
				PRODUCT_BUNDLE_IDENTIFIER = asu.FoodHiveUITests;
				PRODUCT_NAME = "$(TARGET_NAME)";
				SWIFT_EMIT_LOC_STRINGS = NO;
				SWIFT_VERSION = 5.0;
				TARGETED_DEVICE_FAMILY = "1,2";
				TEST_TARGET_NAME = FoodHive;
			};
			name = Debug;
		};
		2477D7212CD1E41A00DAF938 /* Release */ = {
			isa = XCBuildConfiguration;
			buildSettings = {
				CODE_SIGN_STYLE = Automatic;
				CURRENT_PROJECT_VERSION = 1;
				GENERATE_INFOPLIST_FILE = YES;
				MARKETING_VERSION = 1.0;
				PRODUCT_BUNDLE_IDENTIFIER = asu.FoodHiveUITests;
				PRODUCT_NAME = "$(TARGET_NAME)";
				SWIFT_EMIT_LOC_STRINGS = NO;
				SWIFT_VERSION = 5.0;
				TARGETED_DEVICE_FAMILY = "1,2";
				TEST_TARGET_NAME = FoodHive;
			};
			name = Release;
		};
/* End XCBuildConfiguration section */

/* Begin XCConfigurationList section */
		2477D6F02CD1E41700DAF938 /* Build configuration list for PBXProject "FoodHive" */ = {
			isa = XCConfigurationList;
			buildConfigurations = (
				2477D7172CD1E41A00DAF938 /* Debug */,
				2477D7182CD1E41A00DAF938 /* Release */,
			);
			defaultConfigurationIsVisible = 0;
			defaultConfigurationName = Release;
		};
		2477D7192CD1E41A00DAF938 /* Build configuration list for PBXNativeTarget "FoodHive" */ = {
			isa = XCConfigurationList;
			buildConfigurations = (
				2477D71A2CD1E41A00DAF938 /* Debug */,
				2477D71B2CD1E41A00DAF938 /* Release */,
			);
			defaultConfigurationIsVisible = 0;
			defaultConfigurationName = Release;
		};
		2477D71C2CD1E41A00DAF938 /* Build configuration list for PBXNativeTarget "FoodHiveTests" */ = {
			isa = XCConfigurationList;
			buildConfigurations = (
				2477D71D2CD1E41A00DAF938 /* Debug */,
				2477D71E2CD1E41A00DAF938 /* Release */,
			);
			defaultConfigurationIsVisible = 0;
			defaultConfigurationName = Release;
		};
		2477D71F2CD1E41A00DAF938 /* Build configuration list for PBXNativeTarget "FoodHiveUITests" */ = {
			isa = XCConfigurationList;
			buildConfigurations = (
				2477D7202CD1E41A00DAF938 /* Debug */,
				2477D7212CD1E41A00DAF938 /* Release */,
			);
			defaultConfigurationIsVisible = 0;
			defaultConfigurationName = Release;
		};
/* End XCConfigurationList section */
	};
	rootObject = 2477D6ED2CD1E41700DAF938 /* Project object */;
}
